// !$*UTF8*$!
{
	archiveVersion = 1;
	classes = {
	};
	objectVersion = 46;
	objects = {

/* Begin PBXBuildFile section */
		FE224B911C389163000B87BF /* AppDelegate.swift in Sources */ = {isa = PBXBuildFile; fileRef = FE224B901C389163000B87BF /* AppDelegate.swift */; };
		FE224B931C389163000B87BF /* ViewController.swift in Sources */ = {isa = PBXBuildFile; fileRef = FE224B921C389163000B87BF /* ViewController.swift */; };
		FE224B961C389163000B87BF /* Main.storyboard in Resources */ = {isa = PBXBuildFile; fileRef = FE224B941C389163000B87BF /* Main.storyboard */; };
		FE224B981C389163000B87BF /* Assets.xcassets in Resources */ = {isa = PBXBuildFile; fileRef = FE224B971C389163000B87BF /* Assets.xcassets */; };
		FE224B9B1C389163000B87BF /* LaunchScreen.storyboard in Resources */ = {isa = PBXBuildFile; fileRef = FE224B991C389163000B87BF /* LaunchScreen.storyboard */; };
		FE224BA51C38918F000B87BF /* board.png in Resources */ = {isa = PBXBuildFile; fileRef = FE224BA21C38918F000B87BF /* board.png */; };
		FE224BA61C38918F000B87BF /* cross.png in Resources */ = {isa = PBXBuildFile; fileRef = FE224BA31C38918F000B87BF /* cross.png */; };
		FE224BA71C38918F000B87BF /* nought.png in Resources */ = {isa = PBXBuildFile; fileRef = FE224BA41C38918F000B87BF /* nought.png */; };
/* End PBXBuildFile section */

/* Begin PBXFileReference section */
		FE224B8D1C389163000B87BF /* TicTacToe.app */ = {isa = PBXFileReference; explicitFileType = wrapper.application; includeInIndex = 0; path = TicTacToe.app; sourceTree = BUILT_PRODUCTS_DIR; };
		FE224B901C389163000B87BF /* AppDelegate.swift */ = {isa = PBXFileReference; lastKnownFileType = sourcecode.swift; path = AppDelegate.swift; sourceTree = "<group>"; };
		FE224B921C389163000B87BF /* ViewController.swift */ = {isa = PBXFileReference; lastKnownFileType = sourcecode.swift; path = ViewController.swift; sourceTree = "<group>"; };
		FE224B951C389163000B87BF /* Base */ = {isa = PBXFileReference; lastKnownFileType = file.storyboard; name = Base; path = Base.lproj/Main.storyboard; sourceTree = "<group>"; };
		FE224B971C389163000B87BF /* Assets.xcassets */ = {isa = PBXFileReference; lastKnownFileType = folder.assetcatalog; path = Assets.xcassets; sourceTree = "<group>"; };
		FE224B9A1C389163000B87BF /* Base */ = {isa = PBXFileReference; lastKnownFileType = file.storyboard; name = Base; path = Base.lproj/LaunchScreen.storyboard; sourceTree = "<group>"; };
		FE224B9C1C389163000B87BF /* Info.plist */ = {isa = PBXFileReference; lastKnownFileType = text.plist.xml; path = Info.plist; sourceTree = "<group>"; };
		FE224BA21C38918F000B87BF /* board.png */ = {isa = PBXFileReference; lastKnownFileType = image.png; path = board.png; sourceTree = "<group>"; };
		FE224BA31C38918F000B87BF /* cross.png */ = {isa = PBXFileReference; lastKnownFileType = image.png; path = cross.png; sourceTree = "<group>"; };
		FE224BA41C38918F000B87BF /* nought.png */ = {isa = PBXFileReference; lastKnownFileType = image.png; path = nought.png; sourceTree = "<group>"; };
/* End PBXFileReference section */

/* Begin PBXFrameworksBuildPhase section */
		FE224B8A1C389163000B87BF /* Frameworks */ = {
			isa = PBXFrameworksBuildPhase;
			buildActionMask = 2147483647;
			files = (
			);
			runOnlyForDeploymentPostprocessing = 0;
		};
/* End PBXFrameworksBuildPhase section */

/* Begin PBXGroup section */
		FE224B841C389163000B87BF = {
			isa = PBXGroup;
			children = (
				FE224B8F1C389163000B87BF /* TicTacToe */,
				FE224B8E1C389163000B87BF /* Products */,
			);
			sourceTree = "<group>";
		};
		FE224B8E1C389163000B87BF /* Products */ = {
			isa = PBXGroup;
			children = (
				FE224B8D1C389163000B87BF /* TicTacToe.app */,
			);
			name = Products;
			sourceTree = "<group>";
		};
		FE224B8F1C389163000B87BF /* TicTacToe */ = {
			isa = PBXGroup;
			children = (
				FE224BA21C38918F000B87BF /* board.png */,
				FE224BA31C38918F000B87BF /* cross.png */,
				FE224BA41C38918F000B87BF /* nought.png */,
				FE224B901C389163000B87BF /* AppDelegate.swift */,
				FE224B921C389163000B87BF /* ViewController.swift */,
				FE224B941C389163000B87BF /* Main.storyboard */,
				FE224B971C389163000B87BF /* Assets.xcassets */,
				FE224B991C389163000B87BF /* LaunchScreen.storyboard */,
				FE224B9C1C389163000B87BF /* Info.plist */,
			);
			path = TicTacToe;
			sourceTree = "<group>";
		};
/* End PBXGroup section */

/* Begin PBXNativeTarget section */
		FE224B8C1C389163000B87BF /* TicTacToe */ = {
			isa = PBXNativeTarget;
			buildConfigurationList = FE224B9F1C389163000B87BF /* Build configuration list for PBXNativeTarget "TicTacToe" */;
			buildPhases = (
				FE224B891C389163000B87BF /* Sources */,
				FE224B8A1C389163000B87BF /* Frameworks */,
				FE224B8B1C389163000B87BF /* Resources */,
			);
			buildRules = (
			);
			dependencies = (
			);
			name = TicTacToe;
			productName = TicTacToe;
			productReference = FE224B8D1C389163000B87BF /* TicTacToe.app */;
			productType = "com.apple.product-type.application";
		};
/* End PBXNativeTarget section */

/* Begin PBXProject section */
		FE224B851C389163000B87BF /* Project object */ = {
			isa = PBXProject;
			attributes = {
				LastSwiftUpdateCheck = 0720;
				LastUpgradeCheck = 0720;
				ORGANIZATIONNAME = "Krish Furia";
				TargetAttributes = {
					FE224B8C1C389163000B87BF = {
						CreatedOnToolsVersion = 7.2;
					};
				};
			};
			buildConfigurationList = FE224B881C389163000B87BF /* Build configuration list for PBXProject "TicTacToe" */;
			compatibilityVersion = "Xcode 3.2";
			developmentRegion = English;
			hasScannedForEncodings = 0;
			knownRegions = (
				en,
				Base,
			);
			mainGroup = FE224B841C389163000B87BF;
			productRefGroup = FE224B8E1C389163000B87BF /* Products */;
			projectDirPath = "";
			projectRoot = "";
			targets = (
				FE224B8C1C389163000B87BF /* TicTacToe */,
			);
		};
/* End PBXProject section */

/* Begin PBXResourcesBuildPhase section */
		FE224B8B1C389163000B87BF /* Resources */ = {
			isa = PBXResourcesBuildPhase;
			buildActionMask = 2147483647;
			files = (
				FE224BA61C38918F000B87BF /* cross.png in Resources */,
				FE224BA51C38918F000B87BF /* board.png in Resources */,
				FE224BA71C38918F000B87BF /* nought.png in Resources */,
				FE224B9B1C389163000B87BF /* LaunchScreen.storyboard in Resources */,
				FE224B981C389163000B87BF /* Assets.xcassets in Resources */,
				FE224B961C389163000B87BF /* Main.storyboard in Resources */,
			);
			runOnlyForDeploymentPostprocessing = 0;
		};
/* End PBXResourcesBuildPhase section */

/* Begin PBXSourcesBuildPhase section */
		FE224B891C389163000B87BF /* Sources */ = {
			isa = PBXSourcesBuildPhase;
			buildActionMask = 2147483647;
			files = (
				FE224B931C389163000B87BF /* ViewController.swift in Sources */,
				FE224B911C389163000B87BF /* AppDelegate.swift in Sources */,
			);
			runOnlyForDeploymentPostprocessing = 0;
		};
/* End PBXSourcesBuildPhase section */

/* Begin PBXVariantGroup section */
		FE224B941C389163000B87BF /* Main.storyboard */ = {
			isa = PBXVariantGroup;
			children = (
				FE224B951C389163000B87BF /* Base */,
			);
			name = Main.storyboard;
			sourceTree = "<group>";
		};
		FE224B991C389163000B87BF /* LaunchScreen.storyboard */ = {
			isa = PBXVariantGroup;
			children = (
				FE224B9A1C389163000B87BF /* Base */,
			);
			name = LaunchScreen.storyboard;
			sourceTree = "<group>";
		};
/* End PBXVariantGroup section */

/* Begin XCBuildConfiguration section */
		FE224B9D1C389163000B87BF /* Debug */ = {
			isa = XCBuildConfiguration;
			buildSettings = {
				ALWAYS_SEARCH_USER_PATHS = NO;
				CLANG_CXX_LANGUAGE_STANDARD = "gnu++0x";
				CLANG_CXX_LIBRARY = "libc++";
				CLANG_ENABLE_MODULES = YES;
				CLANG_ENABLE_OBJC_ARC = YES;
				CLANG_WARN_BOOL_CONVERSION = YES;
				CLANG_WARN_CONSTANT_CONVERSION = YES;
				CLANG_WARN_DIRECT_OBJC_ISA_USAGE = YES_ERROR;
				CLANG_WARN_EMPTY_BODY = YES;
				CLANG_WARN_ENUM_CONVERSION = YES;
				CLANG_WARN_INT_CONVERSION = YES;
				CLANG_WARN_OBJC_ROOT_CLASS = YES_ERROR;
				CLANG_WARN_UNREACHABLE_CODE = YES;
				CLANG_WARN__DUPLICATE_METHOD_MATCH = YES;
				"CODE_SIGN_IDENTITY[sdk=iphoneos*]" = "iPhone Developer";
				COPY_PHASE_STRIP = NO;
				DEBUG_INFORMATION_FORMAT = dwarf;
				ENABLE_STRICT_OBJC_MSGSEND = YES;
				ENABLE_TESTABILITY = YES;
				GCC_C_LANGUAGE_STANDARD = gnu99;
				GCC_DYNAMIC_NO_PIC = NO;
				GCC_NO_COMMON_BLOCKS = YES;
				GCC_OPTIMIZATION_LEVEL = 0;
				GCC_PREPROCESSOR_DEFINITIONS = (
					"DEBUG=1",
					"$(inherited)",
				);
				GCC_WARN_64_TO_32_BIT_CONVERSION = YES;
				GCC_WARN_ABOUT_RETURN_TYPE = YES_ERROR;
				GCC_WARN_UNDECLARED_SELECTOR = YES;
				GCC_WARN_UNINITIALIZED_AUTOS = YES_AGGRESSIVE;
				GCC_WARN_UNUSED_FUNCTION = YES;
				GCC_WARN_UNUSED_VARIABLE = YES;
				IPHONEOS_DEPLOYMENT_TARGET = 9.2;
				MTL_ENABLE_DEBUG_INFO = YES;
				ONLY_ACTIVE_ARCH = YES;
				SDKROOT = iphoneos;
				SWIFT_OPTIMIZATION_LEVEL = "-Onone";
			};
			name = Debug;
		};
		FE224B9E1C389163000B87BF /* Release */ = {
			isa = XCBuildConfiguration;
			buildSettings = {
				ALWAYS_SEARCH_USER_PATHS = NO;
				CLANG_CXX_LANGUAGE_STANDARD = "gnu++0x";
				CLANG_CXX_LIBRARY = "libc++";
				CLANG_ENABLE_MODULES = YES;
				CLANG_ENABLE_OBJC_ARC = YES;
				CLANG_WARN_BOOL_CONVERSION = YES;
				CLANG_WARN_CONSTANT_CONVERSION = YES;
				CLANG_WARN_DIRECT_OBJC_ISA_USAGE = YES_ERROR;
				CLANG_WARN_EMPTY_BODY = YES;
				CLANG_WARN_ENUM_CONVERSION = YES;
				CLANG_WARN_INT_CONVERSION = YES;
				CLANG_WARN_OBJC_ROOT_CLASS = YES_ERROR;
				CLANG_WARN_UNREACHABLE_CODE = YES;
				CLANG_WARN__DUPLICATE_METHOD_MATCH = YES;
				"CODE_SIGN_IDENTITY[sdk=iphoneos*]" = "iPhone Developer";
				COPY_PHASE_STRIP = NO;
				DEBUG_INFORMATION_FORMAT = "dwarf-with-dsym";
				ENABLE_NS_ASSERTIONS = NO;
				ENABLE_STRICT_OBJC_MSGSEND = YES;
				GCC_C_LANGUAGE_STANDARD = gnu99;
				GCC_NO_COMMON_BLOCKS = YES;
				GCC_WARN_64_TO_32_BIT_CONVERSION = YES;
				GCC_WARN_ABOUT_RETURN_TYPE = YES_ERROR;
				GCC_WARN_UNDECLARED_SELECTOR = YES;
				GCC_WARN_UNINITIALIZED_AUTOS = YES_AGGRESSIVE;
				GCC_WARN_UNUSED_FUNCTION = YES;
				GCC_WARN_UNUSED_VARIABLE = YES;
				IPHONEOS_DEPLOYMENT_TARGET = 9.2;
				MTL_ENABLE_DEBUG_INFO = NO;
				SDKROOT = iphoneos;
				VALIDATE_PRODUCT = YES;
			};
			name = Release;
		};
		FE224BA01C389163000B87BF /* Debug */ = {
			isa = XCBuildConfiguration;
			buildSettings = {
				ASSETCATALOG_COMPILER_APPICON_NAME = AppIcon;
				INFOPLIST_FILE = TicTacToe/Info.plist;
				LD_RUNPATH_SEARCH_PATHS = "$(inherited) @executable_path/Frameworks";
				PRODUCT_BUNDLE_IDENTIFIER = com.krishfuria.TicTacToe;
				PRODUCT_NAME = "$(TARGET_NAME)";
			};
			name = Debug;
		};
		FE224BA11C389163000B87BF /* Release */ = {
			isa = XCBuildConfiguration;
			buildSettings = {
				ASSETCATALOG_COMPILER_APPICON_NAME = AppIcon;
				INFOPLIST_FILE = TicTacToe/Info.plist;
				LD_RUNPATH_SEARCH_PATHS = "$(inherited) @executable_path/Frameworks";
				PRODUCT_BUNDLE_IDENTIFIER = com.krishfuria.TicTacToe;
				PRODUCT_NAME = "$(TARGET_NAME)";
			};
			name = Release;
		};
/* End XCBuildConfiguration section */

/* Begin XCConfigurationList section */
		FE224B881C389163000B87BF /* Build configuration list for PBXProject "TicTacToe" */ = {
			isa = XCConfigurationList;
			buildConfigurations = (
				FE224B9D1C389163000B87BF /* Debug */,
				FE224B9E1C389163000B87BF /* Release */,
			);
			defaultConfigurationIsVisible = 0;
			defaultConfigurationName = Release;
		};
		FE224B9F1C389163000B87BF /* Build configuration list for PBXNativeTarget "TicTacToe" */ = {
			isa = XCConfigurationList;
			buildConfigurations = (
				FE224BA01C389163000B87BF /* Debug */,
				FE224BA11C389163000B87BF /* Release */,
			);
			defaultConfigurationIsVisible = 0;
		};
/* End XCConfigurationList section */
	};
	rootObject = FE224B851C389163000B87BF /* Project object */;
}
